
Microsoft Visual Studio Solution File, Format Version 12.00
# Visual Studio Version 17
VisualStudioVersion = 17.5.33424.131
MinimumVisualStudioVersion = 10.0.40219.1
Project("{FAE04EC0-301F-11D3-BF4B-00C04F79EFBC}") = "renkler dünyası", "renkler dünyası\renkler dünyası.csproj", "{B3CD9449-E84B-4360-9823-43DA372AB1B1}"
EndProject
Global
	GlobalSection(SolutionConfigurationPlatforms) = preSolution
		Debug|Any CPU = Debug|Any CPU
		Release|Any CPU = Release|Any CPU
	EndGlobalSection
	GlobalSection(ProjectConfigurationPlatforms) = postSolution
		{B3CD9449-E84B-4360-9823-43DA372AB1B1}.Debug|Any CPU.ActiveCfg = Debug|Any CPU
		{B3CD9449-E84B-4360-9823-43DA372AB1B1}.Debug|Any CPU.Build.0 = Debug|Any CPU
		{B3CD9449-E84B-4360-9823-43DA372AB1B1}.Release|Any CPU.ActiveCfg = Release|Any CPU
		{B3CD9449-E84B-4360-9823-43DA372AB1B1}.Release|Any CPU.Build.0 = Release|Any CPU
	EndGlobalSection
	GlobalSection(SolutionProperties) = preSolution
		HideSolutionNode = FALSE
	EndGlobalSection
	GlobalSection(ExtensibilityGlobals) = postSolution
		SolutionGuid = {171B3A25-3229-4CF8-82E6-87B1C6AA49A0}
	EndGlobalSection
EndGlobal
